
Microsoft Visual Studio Solution File, Format Version 12.00
# Visual Studio Version 17
VisualStudioVersion = 17.0.31903.59
MinimumVisualStudioVersion = 10.0.40219.1
Project("{2150E333-8FDC-42A3-9474-1A3956D46DE8}") = "src", "src", "{827E0CD3-B72D-47B6-A68D-7590B98EB39B}"
EndProject
Project("{FAE04EC0-301F-11D3-BF4B-00C04F79EFBC}") = "ECommerce.Products.API", "src\ECommerce.Products.API\ECommerce.Products.API.csproj", "{14EDB1C6-820B-4EBE-92A7-BD31E73EB9D1}"
EndProject
Project("{FAE04EC0-301F-11D3-BF4B-00C04F79EFBC}") = "ECommerce.Products.Application", "src\ECommerce.Products.Application\ECommerce.Products.Application.csproj", "{BA1F1A74-60B5-4531-83D5-92A68BCFE395}"
EndProject
Project("{FAE04EC0-301F-11D3-BF4B-00C04F79EFBC}") = "ECommerce.Products.Domain", "src\ECommerce.Products.Domain\ECommerce.Products.Domain.csproj", "{779BAD03-84E8-47C7-9069-2E75BE6B9DEC}"
EndProject
Project("{FAE04EC0-301F-11D3-BF4B-00C04F79EFBC}") = "ECommerce.Products.Infrastructure", "src\ECommerce.Products.Infrastructure\ECommerce.Products.Infrastructure.csproj", "{FC47A828-F3AB-4E07-B780-23466B02D1E0}"
EndProject
Project("{FAE04EC0-301F-11D3-BF4B-00C04F79EFBC}") = "ECommerce.Products.Tests", "tests\ECommerce.Products.Tests\ECommerce.Products.Tests.csproj", "{009067DB-34B4-4807-A029-28B43CBFCC12}"
EndProject
Global
	GlobalSection(SolutionConfigurationPlatforms) = preSolution
		Debug|Any CPU = Debug|Any CPU
		Debug|x64 = Debug|x64
		Debug|x86 = Debug|x86
		Release|Any CPU = Release|Any CPU
		Release|x64 = Release|x64
		Release|x86 = Release|x86
	EndGlobalSection
	GlobalSection(ProjectConfigurationPlatforms) = postSolution
		{14EDB1C6-820B-4EBE-92A7-BD31E73EB9D1}.Debug|Any CPU.ActiveCfg = Debug|Any CPU
		{14EDB1C6-820B-4EBE-92A7-BD31E73EB9D1}.Debug|Any CPU.Build.0 = Debug|Any CPU
		{14EDB1C6-820B-4EBE-92A7-BD31E73EB9D1}.Debug|x64.ActiveCfg = Debug|Any CPU
		{14EDB1C6-820B-4EBE-92A7-BD31E73EB9D1}.Debug|x64.Build.0 = Debug|Any CPU
		{14EDB1C6-820B-4EBE-92A7-BD31E73EB9D1}.Debug|x86.ActiveCfg = Debug|Any CPU
		{14EDB1C6-820B-4EBE-92A7-BD31E73EB9D1}.Debug|x86.Build.0 = Debug|Any CPU
		{14EDB1C6-820B-4EBE-92A7-BD31E73EB9D1}.Release|Any CPU.ActiveCfg = Release|Any CPU
		{14EDB1C6-820B-4EBE-92A7-BD31E73EB9D1}.Release|Any CPU.Build.0 = Release|Any CPU
		{14EDB1C6-820B-4EBE-92A7-BD31E73EB9D1}.Release|x64.ActiveCfg = Release|Any CPU
		{14EDB1C6-820B-4EBE-92A7-BD31E73EB9D1}.Release|x64.Build.0 = Release|Any CPU
		{14EDB1C6-820B-4EBE-92A7-BD31E73EB9D1}.Release|x86.ActiveCfg = Release|Any CPU
		{14EDB1C6-820B-4EBE-92A7-BD31E73EB9D1}.Release|x86.Build.0 = Release|Any CPU
		{BA1F1A74-60B5-4531-83D5-92A68BCFE395}.Debug|Any CPU.ActiveCfg = Debug|Any CPU
		{BA1F1A74-60B5-4531-83D5-92A68BCFE395}.Debug|Any CPU.Build.0 = Debug|Any CPU
		{BA1F1A74-60B5-4531-83D5-92A68BCFE395}.Debug|x64.ActiveCfg = Debug|Any CPU
		{BA1F1A74-60B5-4531-83D5-92A68BCFE395}.Debug|x64.Build.0 = Debug|Any CPU
		{BA1F1A74-60B5-4531-83D5-92A68BCFE395}.Debug|x86.ActiveCfg = Debug|Any CPU
		{BA1F1A74-60B5-4531-83D5-92A68BCFE395}.Debug|x86.Build.0 = Debug|Any CPU
		{BA1F1A74-60B5-4531-83D5-92A68BCFE395}.Release|Any CPU.ActiveCfg = Release|Any CPU
		{BA1F1A74-60B5-4531-83D5-92A68BCFE395}.Release|Any CPU.Build.0 = Release|Any CPU
		{BA1F1A74-60B5-4531-83D5-92A68BCFE395}.Release|x64.ActiveCfg = Release|Any CPU
		{BA1F1A74-60B5-4531-83D5-92A68BCFE395}.Release|x64.Build.0 = Release|Any CPU
		{BA1F1A74-60B5-4531-83D5-92A68BCFE395}.Release|x86.ActiveCfg = Release|Any CPU
		{BA1F1A74-60B5-4531-83D5-92A68BCFE395}.Release|x86.Build.0 = Release|Any CPU
		{779BAD03-84E8-47C7-9069-2E75BE6B9DEC}.Debug|Any CPU.ActiveCfg = Debug|Any CPU
		{779BAD03-84E8-47C7-9069-2E75BE6B9DEC}.Debug|Any CPU.Build.0 = Debug|Any CPU
		{779BAD03-84E8-47C7-9069-2E75BE6B9DEC}.Debug|x64.ActiveCfg = Debug|Any CPU
		{779BAD03-84E8-47C7-9069-2E75BE6B9DEC}.Debug|x64.Build.0 = Debug|Any CPU
		{779BAD03-84E8-47C7-9069-2E75BE6B9DEC}.Debug|x86.ActiveCfg = Debug|Any CPU
		{779BAD03-84E8-47C7-9069-2E75BE6B9DEC}.Debug|x86.Build.0 = Debug|Any CPU
		{779BAD03-84E8-47C7-9069-2E75BE6B9DEC}.Release|Any CPU.ActiveCfg = Release|Any CPU
		{779BAD03-84E8-47C7-9069-2E75BE6B9DEC}.Release|Any CPU.Build.0 = Release|Any CPU
		{779BAD03-84E8-47C7-9069-2E75BE6B9DEC}.Release|x64.ActiveCfg = Release|Any CPU
		{779BAD03-84E8-47C7-9069-2E75BE6B9DEC}.Release|x64.Build.0 = Release|Any CPU
		{779BAD03-84E8-47C7-9069-2E75BE6B9DEC}.Release|x86.ActiveCfg = Release|Any CPU
		{779BAD03-84E8-47C7-9069-2E75BE6B9DEC}.Release|x86.Build.0 = Release|Any CPU
		{FC47A828-F3AB-4E07-B780-23466B02D1E0}.Debug|Any CPU.ActiveCfg = Debug|Any CPU
		{FC47A828-F3AB-4E07-B780-23466B02D1E0}.Debug|Any CPU.Build.0 = Debug|Any CPU
		{FC47A828-F3AB-4E07-B780-23466B02D1E0}.Debug|x64.ActiveCfg = Debug|Any CPU
		{FC47A828-F3AB-4E07-B780-23466B02D1E0}.Debug|x64.Build.0 = Debug|Any CPU
		{FC47A828-F3AB-4E07-B780-23466B02D1E0}.Debug|x86.ActiveCfg = Debug|Any CPU
		{FC47A828-F3AB-4E07-B780-23466B02D1E0}.Debug|x86.Build.0 = Debug|Any CPU
		{FC47A828-F3AB-4E07-B780-23466B02D1E0}.Release|Any CPU.ActiveCfg = Release|Any CPU
		{FC47A828-F3AB-4E07-B780-23466B02D1E0}.Release|Any CPU.Build.0 = Release|Any CPU
		{FC47A828-F3AB-4E07-B780-23466B02D1E0}.Release|x64.ActiveCfg = Release|Any CPU
		{FC47A828-F3AB-4E07-B780-23466B02D1E0}.Release|x64.Build.0 = Release|Any CPU
		{FC47A828-F3AB-4E07-B780-23466B02D1E0}.Release|x86.ActiveCfg = Release|Any CPU
		{FC47A828-F3AB-4E07-B780-23466B02D1E0}.Release|x86.Build.0 = Release|Any CPU
		{009067DB-34B4-4807-A029-28B43CBFCC12}.Debug|Any CPU.ActiveCfg = Debug|Any CPU
		{009067DB-34B4-4807-A029-28B43CBFCC12}.Debug|Any CPU.Build.0 = Debug|Any CPU
		{009067DB-34B4-4807-A029-28B43CBFCC12}.Debug|x64.ActiveCfg = Debug|Any CPU
		{009067DB-34B4-4807-A029-28B43CBFCC12}.Debug|x64.Build.0 = Debug|Any CPU
		{009067DB-34B4-4807-A029-28B43CBFCC12}.Debug|x86.ActiveCfg = Debug|Any CPU
		{009067DB-34B4-4807-A029-28B43CBFCC12}.Debug|x86.Build.0 = Debug|Any CPU
		{009067DB-34B4-4807-A029-28B43CBFCC12}.Release|Any CPU.ActiveCfg = Release|Any CPU
		{009067DB-34B4-4807-A029-28B43CBFCC12}.Release|Any CPU.Build.0 = Release|Any CPU
		{009067DB-34B4-4807-A029-28B43CBFCC12}.Release|x64.ActiveCfg = Release|Any CPU
		{009067DB-34B4-4807-A029-28B43CBFCC12}.Release|x64.Build.0 = Release|Any CPU
		{009067DB-34B4-4807-A029-28B43CBFCC12}.Release|x86.ActiveCfg = Release|Any CPU
		{009067DB-34B4-4807-A029-28B43CBFCC12}.Release|x86.Build.0 = Release|Any CPU
	EndGlobalSection
	GlobalSection(SolutionProperties) = preSolution
		HideSolutionNode = FALSE
	EndGlobalSection
	GlobalSection(NestedProjects) = preSolution
		{14EDB1C6-820B-4EBE-92A7-BD31E73EB9D1} = {827E0CD3-B72D-47B6-A68D-7590B98EB39B}
		{BA1F1A74-60B5-4531-83D5-92A68BCFE395} = {827E0CD3-B72D-47B6-A68D-7590B98EB39B}
		{779BAD03-84E8-47C7-9069-2E75BE6B9DEC} = {827E0CD3-B72D-47B6-A68D-7590B98EB39B}
		{FC47A828-F3AB-4E07-B780-23466B02D1E0} = {827E0CD3-B72D-47B6-A68D-7590B98EB39B}
		{009067DB-34B4-4807-A029-28B43CBFCC12} = {827E0CD3-B72D-47B6-A68D-7590B98EB39B}
	EndGlobalSection
EndGlobal
